Microsoft Visual Studio Solution File, Format Version 12.00
# Visual Studio 14
Project("{8BC9CEB8-8B4A-11D0-8D11-00A0C91BC942}") = "ALL_BUILD", "ALL_BUILD.vcxproj", "{1D1CE3DF-4DA8-308E-A18C-A7C8B774BFFA}"
	ProjectSection(ProjectDependencies) = postProject
		{CF03385E-1C9C-377D-A598-255FAD0281B6} = {CF03385E-1C9C-377D-A598-255FAD0281B6}
		{5A3E9F99-1B55-3969-A060-6013AE2B9FE2} = {5A3E9F99-1B55-3969-A060-6013AE2B9FE2}
		{FDCDF3CD-C224-3763-A514-A0B960AB917C} = {FDCDF3CD-C224-3763-A514-A0B960AB917C}
		{A7233179-78DE-370A-9872-ACD03367E67A} = {A7233179-78DE-370A-9872-ACD03367E67A}
		{95AFC9BC-49E8-30AC-8016-D1099B30FB74} = {95AFC9BC-49E8-30AC-8016-D1099B30FB74}
	EndProjectSection
EndProject
Project("{8BC9CEB8-8B4A-11D0-8D11-00A0C91BC942}") = "ZERO_CHECK", "ZERO_CHECK.vcxproj", "{CF03385E-1C9C-377D-A598-255FAD0281B6}"
	ProjectSection(ProjectDependencies) = postProject
	EndProjectSection
EndProject
Project("{8BC9CEB8-8B4A-11D0-8D11-00A0C91BC942}") = "cgss", "cgss.vcxproj", "{5A3E9F99-1B55-3969-A060-6013AE2B9FE2}"
	ProjectSection(ProjectDependencies) = postProject
		{CF03385E-1C9C-377D-A598-255FAD0281B6} = {CF03385E-1C9C-377D-A598-255FAD0281B6}
	EndProjectSection
EndProject
Project("{8BC9CEB8-8B4A-11D0-8D11-00A0C91BC942}") = "hca2wav", "hca2wav.vcxproj", "{FDCDF3CD-C224-3763-A514-A0B960AB917C}"
	ProjectSection(ProjectDependencies) = postProject
		{CF03385E-1C9C-377D-A598-255FAD0281B6} = {CF03385E-1C9C-377D-A598-255FAD0281B6}
		{5A3E9F99-1B55-3969-A060-6013AE2B9FE2} = {5A3E9F99-1B55-3969-A060-6013AE2B9FE2}
	EndProjectSection
EndProject
Project("{8BC9CEB8-8B4A-11D0-8D11-00A0C91BC942}") = "hcacc", "hcacc.vcxproj", "{A7233179-78DE-370A-9872-ACD03367E67A}"
	ProjectSection(ProjectDependencies) = postProject
		{CF03385E-1C9C-377D-A598-255FAD0281B6} = {CF03385E-1C9C-377D-A598-255FAD0281B6}
	EndProjectSection
EndProject
Project("{8BC9CEB8-8B4A-11D0-8D11-00A0C91BC942}") = "hcaenc", "hcaenc.vcxproj", "{95AFC9BC-49E8-30AC-8016-D1099B30FB74}"
	ProjectSection(ProjectDependencies) = postProject
		{CF03385E-1C9C-377D-A598-255FAD0281B6} = {CF03385E-1C9C-377D-A598-255FAD0281B6}
		{5A3E9F99-1B55-3969-A060-6013AE2B9FE2} = {5A3E9F99-1B55-3969-A060-6013AE2B9FE2}
	EndProjectSection
EndProject
Global
	GlobalSection(SolutionConfigurationPlatforms) = preSolution
		Debug|Win32 = Debug|Win32
		Release|Win32 = Release|Win32
		MinSizeRel|Win32 = MinSizeRel|Win32
		RelWithDebInfo|Win32 = RelWithDebInfo|Win32
	EndGlobalSection
	GlobalSection(ProjectConfigurationPlatforms) = postSolution
		{1D1CE3DF-4DA8-308E-A18C-A7C8B774BFFA}.Debug|Win32.ActiveCfg = Debug|Win32
		{1D1CE3DF-4DA8-308E-A18C-A7C8B774BFFA}.Release|Win32.ActiveCfg = Release|Win32
		{1D1CE3DF-4DA8-308E-A18C-A7C8B774BFFA}.MinSizeRel|Win32.ActiveCfg = MinSizeRel|Win32
		{1D1CE3DF-4DA8-308E-A18C-A7C8B774BFFA}.RelWithDebInfo|Win32.ActiveCfg = RelWithDebInfo|Win32
		{CF03385E-1C9C-377D-A598-255FAD0281B6}.Debug|Win32.ActiveCfg = Debug|Win32
		{CF03385E-1C9C-377D-A598-255FAD0281B6}.Debug|Win32.Build.0 = Debug|Win32
		{CF03385E-1C9C-377D-A598-255FAD0281B6}.Release|Win32.ActiveCfg = Release|Win32
		{CF03385E-1C9C-377D-A598-255FAD0281B6}.Release|Win32.Build.0 = Release|Win32
		{CF03385E-1C9C-377D-A598-255FAD0281B6}.MinSizeRel|Win32.ActiveCfg = MinSizeRel|Win32
		{CF03385E-1C9C-377D-A598-255FAD0281B6}.MinSizeRel|Win32.Build.0 = MinSizeRel|Win32
		{CF03385E-1C9C-377D-A598-255FAD0281B6}.RelWithDebInfo|Win32.ActiveCfg = RelWithDebInfo|Win32
		{CF03385E-1C9C-377D-A598-255FAD0281B6}.RelWithDebInfo|Win32.Build.0 = RelWithDebInfo|Win32
		{5A3E9F99-1B55-3969-A060-6013AE2B9FE2}.Debug|Win32.ActiveCfg = Debug|Win32
		{5A3E9F99-1B55-3969-A060-6013AE2B9FE2}.Debug|Win32.Build.0 = Debug|Win32
		{5A3E9F99-1B55-3969-A060-6013AE2B9FE2}.Release|Win32.ActiveCfg = Release|Win32
		{5A3E9F99-1B55-3969-A060-6013AE2B9FE2}.Release|Win32.Build.0 = Release|Win32
		{5A3E9F99-1B55-3969-A060-6013AE2B9FE2}.MinSizeRel|Win32.ActiveCfg = MinSizeRel|Win32
		{5A3E9F99-1B55-3969-A060-6013AE2B9FE2}.MinSizeRel|Win32.Build.0 = MinSizeRel|Win32
		{5A3E9F99-1B55-3969-A060-6013AE2B9FE2}.RelWithDebInfo|Win32.ActiveCfg = RelWithDebInfo|Win32
		{5A3E9F99-1B55-3969-A060-6013AE2B9FE2}.RelWithDebInfo|Win32.Build.0 = RelWithDebInfo|Win32
		{FDCDF3CD-C224-3763-A514-A0B960AB917C}.Debug|Win32.ActiveCfg = Debug|Win32
		{FDCDF3CD-C224-3763-A514-A0B960AB917C}.Debug|Win32.Build.0 = Debug|Win32
		{FDCDF3CD-C224-3763-A514-A0B960AB917C}.Release|Win32.ActiveCfg = Release|Win32
		{FDCDF3CD-C224-3763-A514-A0B960AB917C}.Release|Win32.Build.0 = Release|Win32
		{FDCDF3CD-C224-3763-A514-A0B960AB917C}.MinSizeRel|Win32.ActiveCfg = MinSizeRel|Win32
		{FDCDF3CD-C224-3763-A514-A0B960AB917C}.MinSizeRel|Win32.Build.0 = MinSizeRel|Win32
		{FDCDF3CD-C224-3763-A514-A0B960AB917C}.RelWithDebInfo|Win32.ActiveCfg = RelWithDebInfo|Win32
		{FDCDF3CD-C224-3763-A514-A0B960AB917C}.RelWithDebInfo|Win32.Build.0 = RelWithDebInfo|Win32
		{A7233179-78DE-370A-9872-ACD03367E67A}.Debug|Win32.ActiveCfg = Debug|Win32
		{A7233179-78DE-370A-9872-ACD03367E67A}.Debug|Win32.Build.0 = Debug|Win32
		{A7233179-78DE-370A-9872-ACD03367E67A}.Release|Win32.ActiveCfg = Release|Win32
		{A7233179-78DE-370A-9872-ACD03367E67A}.Release|Win32.Build.0 = Release|Win32
		{A7233179-78DE-370A-9872-ACD03367E67A}.MinSizeRel|Win32.ActiveCfg = MinSizeRel|Win32
		{A7233179-78DE-370A-9872-ACD03367E67A}.MinSizeRel|Win32.Build.0 = MinSizeRel|Win32
		{A7233179-78DE-370A-9872-ACD03367E67A}.RelWithDebInfo|Win32.ActiveCfg = RelWithDebInfo|Win32
		{A7233179-78DE-370A-9872-ACD03367E67A}.RelWithDebInfo|Win32.Build.0 = RelWithDebInfo|Win32
		{95AFC9BC-49E8-30AC-8016-D1099B30FB74}.Debug|Win32.ActiveCfg = Debug|Win32
		{95AFC9BC-49E8-30AC-8016-D1099B30FB74}.Debug|Win32.Build.0 = Debug|Win32
		{95AFC9BC-49E8-30AC-8016-D1099B30FB74}.Release|Win32.ActiveCfg = Release|Win32
		{95AFC9BC-49E8-30AC-8016-D1099B30FB74}.Release|Win32.Build.0 = Release|Win32
		{95AFC9BC-49E8-30AC-8016-D1099B30FB74}.MinSizeRel|Win32.ActiveCfg = MinSizeRel|Win32
		{95AFC9BC-49E8-30AC-8016-D1099B30FB74}.MinSizeRel|Win32.Build.0 = MinSizeRel|Win32
		{95AFC9BC-49E8-30AC-8016-D1099B30FB74}.RelWithDebInfo|Win32.ActiveCfg = RelWithDebInfo|Win32
		{95AFC9BC-49E8-30AC-8016-D1099B30FB74}.RelWithDebInfo|Win32.Build.0 = RelWithDebInfo|Win32
	EndGlobalSection
	GlobalSection(ExtensibilityGlobals) = postSolution
	EndGlobalSection
	GlobalSection(ExtensibilityAddIns) = postSolution
	EndGlobalSection
EndGlobal
