<?xml version="1.0" encoding="utf-8"?>
<Project ToolsVersion="4.0" xmlns="http://schemas.microsoft.com/developer/msbuild/2003">
  <ItemGroup>
    <Filter Include="hca">
      <UniqueIdentifier>{52613ba2-f34e-40b0-b5c5-b0036b50caa1}</UniqueIdentifier>
    </Filter>
    <Filter Include="hca\internal">
      <UniqueIdentifier>{7eb79dd8-82ed-4ecb-8ee7-e2084c9495ca}</UniqueIdentifier>
    </Filter>
  </ItemGroup>
  <ItemGroup>
    <ClCompile Include="src\hca\internal\CHcaCipher.cpp">
      <Filter>hca\internal</Filter>
    </ClCompile>
    <ClCompile Include="src\hca\internal\CHcaData.cpp">
      <Filter>hca\internal</Filter>
    </ClCompile>
    <ClCompile Include="src\hca\Magic.cpp">
      <Filter>hca</Filter>
    </ClCompile>
    <ClCompile Include="src\hca\CHCA.cpp">
      <Filter>hca</Filter>
    </ClCompile>
    <ClCompile Include="src\hcacc.cpp" />
  </ItemGroup>
  <ItemGroup>
    <ClInclude Include="src\hca\internal\CHcaCipher.h">
      <Filter>hca\internal</Filter>
    </ClInclude>
    <ClInclude Include="src\hca\internal\CHcaData.h">
      <Filter>hca\internal</Filter>
    </ClInclude>
    <ClInclude Include="src\hca\hca_info.h">
      <Filter>hca</Filter>
    </ClInclude>
    <ClInclude Include="src\hca\HcaNative.h">
      <Filter>hca</Filter>
    </ClInclude>
    <ClInclude Include="src\hca\kstypedef.h">
      <Filter>hca</Filter>
    </ClInclude>
    <ClInclude Include="src\hca\Magic.h">
      <Filter>hca</Filter>
    </ClInclude>
    <ClInclude Include="src\hca\CHCA.h">
      <Filter>hca</Filter>
    </ClInclude>
    <ClInclude Include="src\cgssh.h" />
    <ClInclude Include="src\targetver.h" />
  </ItemGroup>
</Project>