Microsoft Visual Studio Solution File, Format Version 12.00
# Visual Studio 14
Project("{8BC9CEB8-8B4A-11D0-8D11-00A0C91BC942}") = "ALL_BUILD", "ALL_BUILD.vcxproj", "{23F1A6F1-9497-328C-A4D8-81FEDB8B56D4}"
	ProjectSection(ProjectDependencies) = postProject
		{9F2ACECD-C736-3BB4-A15C-659DDE43F5F2} = {9F2ACECD-C736-3BB4-A15C-659DDE43F5F2}
		{29623F52-2D26-30AD-BFF8-5C16C877865D} = {29623F52-2D26-30AD-BFF8-5C16C877865D}
		{1C4562C9-1D45-3BBE-8280-514FF0FEABFE} = {1C4562C9-1D45-3BBE-8280-514FF0FEABFE}
		{80D53130-9224-39E3-91E2-904E9C542B6A} = {80D53130-9224-39E3-91E2-904E9C542B6A}
		{917DA005-2458-38AC-A1EA-23580AB4F72D} = {917DA005-2458-38AC-A1EA-23580AB4F72D}
	EndProjectSection
EndProject
Project("{8BC9CEB8-8B4A-11D0-8D11-00A0C91BC942}") = "ZERO_CHECK", "ZERO_CHECK.vcxproj", "{9F2ACECD-C736-3BB4-A15C-659DDE43F5F2}"
	ProjectSection(ProjectDependencies) = postProject
	EndProjectSection
EndProject
Project("{8BC9CEB8-8B4A-11D0-8D11-00A0C91BC942}") = "cgss", "cgss.vcxproj", "{29623F52-2D26-30AD-BFF8-5C16C877865D}"
	ProjectSection(ProjectDependencies) = postProject
		{9F2ACECD-C736-3BB4-A15C-659DDE43F5F2} = {9F2ACECD-C736-3BB4-A15C-659DDE43F5F2}
	EndProjectSection
EndProject
Project("{8BC9CEB8-8B4A-11D0-8D11-00A0C91BC942}") = "hca2wav", "hca2wav.vcxproj", "{1C4562C9-1D45-3BBE-8280-514FF0FEABFE}"
	ProjectSection(ProjectDependencies) = postProject
		{9F2ACECD-C736-3BB4-A15C-659DDE43F5F2} = {9F2ACECD-C736-3BB4-A15C-659DDE43F5F2}
		{29623F52-2D26-30AD-BFF8-5C16C877865D} = {29623F52-2D26-30AD-BFF8-5C16C877865D}
	EndProjectSection
EndProject
Project("{8BC9CEB8-8B4A-11D0-8D11-00A0C91BC942}") = "hcacc", "hcacc.vcxproj", "{80D53130-9224-39E3-91E2-904E9C542B6A}"
	ProjectSection(ProjectDependencies) = postProject
		{9F2ACECD-C736-3BB4-A15C-659DDE43F5F2} = {9F2ACECD-C736-3BB4-A15C-659DDE43F5F2}
	EndProjectSection
EndProject
Project("{8BC9CEB8-8B4A-11D0-8D11-00A0C91BC942}") = "hcaenc", "hcaenc.vcxproj", "{917DA005-2458-38AC-A1EA-23580AB4F72D}"
	ProjectSection(ProjectDependencies) = postProject
		{9F2ACECD-C736-3BB4-A15C-659DDE43F5F2} = {9F2ACECD-C736-3BB4-A15C-659DDE43F5F2}
		{29623F52-2D26-30AD-BFF8-5C16C877865D} = {29623F52-2D26-30AD-BFF8-5C16C877865D}
	EndProjectSection
EndProject
Global
	GlobalSection(SolutionConfigurationPlatforms) = preSolution
		Debug|x64 = Debug|x64
		Release|x64 = Release|x64
		MinSizeRel|x64 = MinSizeRel|x64
		RelWithDebInfo|x64 = RelWithDebInfo|x64
	EndGlobalSection
	GlobalSection(ProjectConfigurationPlatforms) = postSolution
		{23F1A6F1-9497-328C-A4D8-81FEDB8B56D4}.Debug|x64.ActiveCfg = Debug|x64
		{23F1A6F1-9497-328C-A4D8-81FEDB8B56D4}.Release|x64.ActiveCfg = Release|x64
		{23F1A6F1-9497-328C-A4D8-81FEDB8B56D4}.MinSizeRel|x64.ActiveCfg = MinSizeRel|x64
		{23F1A6F1-9497-328C-A4D8-81FEDB8B56D4}.RelWithDebInfo|x64.ActiveCfg = RelWithDebInfo|x64
		{9F2ACECD-C736-3BB4-A15C-659DDE43F5F2}.Debug|x64.ActiveCfg = Debug|x64
		{9F2ACECD-C736-3BB4-A15C-659DDE43F5F2}.Debug|x64.Build.0 = Debug|x64
		{9F2ACECD-C736-3BB4-A15C-659DDE43F5F2}.Release|x64.ActiveCfg = Release|x64
		{9F2ACECD-C736-3BB4-A15C-659DDE43F5F2}.Release|x64.Build.0 = Release|x64
		{9F2ACECD-C736-3BB4-A15C-659DDE43F5F2}.MinSizeRel|x64.ActiveCfg = MinSizeRel|x64
		{9F2ACECD-C736-3BB4-A15C-659DDE43F5F2}.MinSizeRel|x64.Build.0 = MinSizeRel|x64
		{9F2ACECD-C736-3BB4-A15C-659DDE43F5F2}.RelWithDebInfo|x64.ActiveCfg = RelWithDebInfo|x64
		{9F2ACECD-C736-3BB4-A15C-659DDE43F5F2}.RelWithDebInfo|x64.Build.0 = RelWithDebInfo|x64
		{29623F52-2D26-30AD-BFF8-5C16C877865D}.Debug|x64.ActiveCfg = Debug|x64
		{29623F52-2D26-30AD-BFF8-5C16C877865D}.Debug|x64.Build.0 = Debug|x64
		{29623F52-2D26-30AD-BFF8-5C16C877865D}.Release|x64.ActiveCfg = Release|x64
		{29623F52-2D26-30AD-BFF8-5C16C877865D}.Release|x64.Build.0 = Release|x64
		{29623F52-2D26-30AD-BFF8-5C16C877865D}.MinSizeRel|x64.ActiveCfg = MinSizeRel|x64
		{29623F52-2D26-30AD-BFF8-5C16C877865D}.MinSizeRel|x64.Build.0 = MinSizeRel|x64
		{29623F52-2D26-30AD-BFF8-5C16C877865D}.RelWithDebInfo|x64.ActiveCfg = RelWithDebInfo|x64
		{29623F52-2D26-30AD-BFF8-5C16C877865D}.RelWithDebInfo|x64.Build.0 = RelWithDebInfo|x64
		{1C4562C9-1D45-3BBE-8280-514FF0FEABFE}.Debug|x64.ActiveCfg = Debug|x64
		{1C4562C9-1D45-3BBE-8280-514FF0FEABFE}.Debug|x64.Build.0 = Debug|x64
		{1C4562C9-1D45-3BBE-8280-514FF0FEABFE}.Release|x64.ActiveCfg = Release|x64
		{1C4562C9-1D45-3BBE-8280-514FF0FEABFE}.Release|x64.Build.0 = Release|x64
		{1C4562C9-1D45-3BBE-8280-514FF0FEABFE}.MinSizeRel|x64.ActiveCfg = MinSizeRel|x64
		{1C4562C9-1D45-3BBE-8280-514FF0FEABFE}.MinSizeRel|x64.Build.0 = MinSizeRel|x64
		{1C4562C9-1D45-3BBE-8280-514FF0FEABFE}.RelWithDebInfo|x64.ActiveCfg = RelWithDebInfo|x64
		{1C4562C9-1D45-3BBE-8280-514FF0FEABFE}.RelWithDebInfo|x64.Build.0 = RelWithDebInfo|x64
		{80D53130-9224-39E3-91E2-904E9C542B6A}.Debug|x64.ActiveCfg = Debug|x64
		{80D53130-9224-39E3-91E2-904E9C542B6A}.Debug|x64.Build.0 = Debug|x64
		{80D53130-9224-39E3-91E2-904E9C542B6A}.Release|x64.ActiveCfg = Release|x64
		{80D53130-9224-39E3-91E2-904E9C542B6A}.Release|x64.Build.0 = Release|x64
		{80D53130-9224-39E3-91E2-904E9C542B6A}.MinSizeRel|x64.ActiveCfg = MinSizeRel|x64
		{80D53130-9224-39E3-91E2-904E9C542B6A}.MinSizeRel|x64.Build.0 = MinSizeRel|x64
		{80D53130-9224-39E3-91E2-904E9C542B6A}.RelWithDebInfo|x64.ActiveCfg = RelWithDebInfo|x64
		{80D53130-9224-39E3-91E2-904E9C542B6A}.RelWithDebInfo|x64.Build.0 = RelWithDebInfo|x64
		{917DA005-2458-38AC-A1EA-23580AB4F72D}.Debug|x64.ActiveCfg = Debug|x64
		{917DA005-2458-38AC-A1EA-23580AB4F72D}.Debug|x64.Build.0 = Debug|x64
		{917DA005-2458-38AC-A1EA-23580AB4F72D}.Release|x64.ActiveCfg = Release|x64
		{917DA005-2458-38AC-A1EA-23580AB4F72D}.Release|x64.Build.0 = Release|x64
		{917DA005-2458-38AC-A1EA-23580AB4F72D}.MinSizeRel|x64.ActiveCfg = MinSizeRel|x64
		{917DA005-2458-38AC-A1EA-23580AB4F72D}.MinSizeRel|x64.Build.0 = MinSizeRel|x64
		{917DA005-2458-38AC-A1EA-23580AB4F72D}.RelWithDebInfo|x64.ActiveCfg = RelWithDebInfo|x64
		{917DA005-2458-38AC-A1EA-23580AB4F72D}.RelWithDebInfo|x64.Build.0 = RelWithDebInfo|x64
	EndGlobalSection
	GlobalSection(ExtensibilityGlobals) = postSolution
	EndGlobalSection
	GlobalSection(ExtensibilityAddIns) = postSolution
	EndGlobalSection
EndGlobal
